// !$*UTF8*$!
{
	archiveVersion = 1;
	classes = {
	};
	objectVersion = 48;
	objects = {

/* Begin PBXBuildFile section */
		9AB35267397A46CA4060A2DE /* Pods_Todos.framework in Frameworks */ = {isa = PBXBuildFile; fileRef = 940C18C5B7D04496316E85DB /* Pods_Todos.framework */; };
		F29A2804206DD2BB001DEED4 /* CategoryTableViewController_Realm.swift in Sources */ = {isa = PBXBuildFile; fileRef = F29A2803206DD2BB001DEED4 /* CategoryTableViewController_Realm.swift */; };
		F29A2806206DD2DA001DEED4 /* TodoTableViewController_Realm.swift in Sources */ = {isa = PBXBuildFile; fileRef = F29A2805206DD2DA001DEED4 /* TodoTableViewController_Realm.swift */; };
		F29A2809206DD331001DEED4 /* RealmCategory.swift in Sources */ = {isa = PBXBuildFile; fileRef = F29A2808206DD331001DEED4 /* RealmCategory.swift */; };
		F29A280B206DD34E001DEED4 /* RealmItem.swift in Sources */ = {isa = PBXBuildFile; fileRef = F29A280A206DD34E001DEED4 /* RealmItem.swift */; };
		F2CF6479206B658000BF1CF7 /* AppDelegate.swift in Sources */ = {isa = PBXBuildFile; fileRef = F2CF6478206B658000BF1CF7 /* AppDelegate.swift */; };
		F2CF647E206B658000BF1CF7 /* Main.storyboard in Resources */ = {isa = PBXBuildFile; fileRef = F2CF647C206B658000BF1CF7 /* Main.storyboard */; };
		F2CF6480206B658000BF1CF7 /* Assets.xcassets in Resources */ = {isa = PBXBuildFile; fileRef = F2CF647F206B658000BF1CF7 /* Assets.xcassets */; };
		F2CF6483206B658000BF1CF7 /* LaunchScreen.storyboard in Resources */ = {isa = PBXBuildFile; fileRef = F2CF6481206B658000BF1CF7 /* LaunchScreen.storyboard */; };
		F2CF648D206B69BB00BF1CF7 /* TodoItem.swift in Sources */ = {isa = PBXBuildFile; fileRef = F2CF648C206B69BB00BF1CF7 /* TodoItem.swift */; };
		F2CF6490206C7C2900BF1CF7 /* TodoTableViewController_CoreData.swift in Sources */ = {isa = PBXBuildFile; fileRef = F2CF648E206C7C2900BF1CF7 /* TodoTableViewController_CoreData.swift */; };
		F2CF6491206C7C2900BF1CF7 /* TodoTableViewController_PropertyList.swift in Sources */ = {isa = PBXBuildFile; fileRef = F2CF648F206C7C2900BF1CF7 /* TodoTableViewController_PropertyList.swift */; };
		F2CF6494206C7DCF00BF1CF7 /* TodoDataModel.xcdatamodeld in Sources */ = {isa = PBXBuildFile; fileRef = F2CF6492206C7DCF00BF1CF7 /* TodoDataModel.xcdatamodeld */; };
		F2CF6498206C81F800BF1CF7 /* CDHelper.swift in Sources */ = {isa = PBXBuildFile; fileRef = F2CF6497206C81F800BF1CF7 /* CDHelper.swift */; };
		F2CF649A206CBBA500BF1CF7 /* CategoryTableViewController.swift in Sources */ = {isa = PBXBuildFile; fileRef = F2CF6499206CBBA500BF1CF7 /* CategoryTableViewController.swift */; };
/* End PBXBuildFile section */

/* Begin PBXFileReference section */
		07DC0B41C330BE55F5263DC6 /* Pods-Todos.release.xcconfig */ = {isa = PBXFileReference; includeInIndex = 1; lastKnownFileType = text.xcconfig; name = "Pods-Todos.release.xcconfig"; path = "Pods/Target Support Files/Pods-Todos/Pods-Todos.release.xcconfig"; sourceTree = "<group>"; };
		940C18C5B7D04496316E85DB /* Pods_Todos.framework */ = {isa = PBXFileReference; explicitFileType = wrapper.framework; includeInIndex = 0; path = Pods_Todos.framework; sourceTree = BUILT_PRODUCTS_DIR; };
		A92E16CEC917C61E933D4B2D /* Pods-Todos.debug.xcconfig */ = {isa = PBXFileReference; includeInIndex = 1; lastKnownFileType = text.xcconfig; name = "Pods-Todos.debug.xcconfig"; path = "Pods/Target Support Files/Pods-Todos/Pods-Todos.debug.xcconfig"; sourceTree = "<group>"; };
		F29A2803206DD2BB001DEED4 /* CategoryTableViewController_Realm.swift */ = {isa = PBXFileReference; fileEncoding = 4; lastKnownFileType = sourcecode.swift; path = CategoryTableViewController_Realm.swift; sourceTree = "<group>"; };
		F29A2805206DD2DA001DEED4 /* TodoTableViewController_Realm.swift */ = {isa = PBXFileReference; fileEncoding = 4; lastKnownFileType = sourcecode.swift; path = TodoTableViewController_Realm.swift; sourceTree = "<group>"; };
		F29A2808206DD331001DEED4 /* RealmCategory.swift */ = {isa = PBXFileReference; lastKnownFileType = sourcecode.swift; path = RealmCategory.swift; sourceTree = "<group>"; };
		F29A280A206DD34E001DEED4 /* RealmItem.swift */ = {isa = PBXFileReference; lastKnownFileType = sourcecode.swift; path = RealmItem.swift; sourceTree = "<group>"; };
		F2CF6475206B658000BF1CF7 /* Todos.app */ = {isa = PBXFileReference; explicitFileType = wrapper.application; includeInIndex = 0; path = Todos.app; sourceTree = BUILT_PRODUCTS_DIR; };
		F2CF6478206B658000BF1CF7 /* AppDelegate.swift */ = {isa = PBXFileReference; lastKnownFileType = sourcecode.swift; path = AppDelegate.swift; sourceTree = "<group>"; };
		F2CF647D206B658000BF1CF7 /* Base */ = {isa = PBXFileReference; lastKnownFileType = file.storyboard; name = Base; path = Base.lproj/Main.storyboard; sourceTree = "<group>"; };
		F2CF647F206B658000BF1CF7 /* Assets.xcassets */ = {isa = PBXFileReference; lastKnownFileType = folder.assetcatalog; path = Assets.xcassets; sourceTree = "<group>"; };
		F2CF6482206B658000BF1CF7 /* Base */ = {isa = PBXFileReference; lastKnownFileType = file.storyboard; name = Base; path = Base.lproj/LaunchScreen.storyboard; sourceTree = "<group>"; };
		F2CF6484206B658000BF1CF7 /* Info.plist */ = {isa = PBXFileReference; lastKnownFileType = text.plist.xml; path = Info.plist; sourceTree = "<group>"; };
		F2CF648C206B69BB00BF1CF7 /* TodoItem.swift */ = {isa = PBXFileReference; lastKnownFileType = sourcecode.swift; path = TodoItem.swift; sourceTree = "<group>"; };
		F2CF648E206C7C2900BF1CF7 /* TodoTableViewController_CoreData.swift */ = {isa = PBXFileReference; fileEncoding = 4; lastKnownFileType = sourcecode.swift; path = TodoTableViewController_CoreData.swift; sourceTree = "<group>"; };
		F2CF648F206C7C2900BF1CF7 /* TodoTableViewController_PropertyList.swift */ = {isa = PBXFileReference; fileEncoding = 4; lastKnownFileType = sourcecode.swift; path = TodoTableViewController_PropertyList.swift; sourceTree = "<group>"; };
		F2CF6493206C7DCF00BF1CF7 /* TodoDataModel.xcdatamodel */ = {isa = PBXFileReference; lastKnownFileType = wrapper.xcdatamodel; path = TodoDataModel.xcdatamodel; sourceTree = "<group>"; };
		F2CF6497206C81F800BF1CF7 /* CDHelper.swift */ = {isa = PBXFileReference; lastKnownFileType = sourcecode.swift; path = CDHelper.swift; sourceTree = "<group>"; };
		F2CF6499206CBBA500BF1CF7 /* CategoryTableViewController.swift */ = {isa = PBXFileReference; lastKnownFileType = sourcecode.swift; path = CategoryTableViewController.swift; sourceTree = "<group>"; };
/* End PBXFileReference section */

/* Begin PBXFrameworksBuildPhase section */
		F2CF6472206B658000BF1CF7 /* Frameworks */ = {
			isa = PBXFrameworksBuildPhase;
			buildActionMask = 2147483647;
			files = (
				9AB35267397A46CA4060A2DE /* Pods_Todos.framework in Frameworks */,
			);
			runOnlyForDeploymentPostprocessing = 0;
		};
/* End PBXFrameworksBuildPhase section */

/* Begin PBXGroup section */
		3416948D8AC20F9B585AAE93 /* Frameworks */ = {
			isa = PBXGroup;
			children = (
				940C18C5B7D04496316E85DB /* Pods_Todos.framework */,
			);
			name = Frameworks;
			sourceTree = "<group>";
		};
		BC00F68D69F02B5B3063872F /* Pods */ = {
			isa = PBXGroup;
			children = (
				A92E16CEC917C61E933D4B2D /* Pods-Todos.debug.xcconfig */,
				07DC0B41C330BE55F5263DC6 /* Pods-Todos.release.xcconfig */,
			);
			name = Pods;
			sourceTree = "<group>";
		};
		F29A2807206DD2E1001DEED4 /* Realm */ = {
			isa = PBXGroup;
			children = (
				F29A2803206DD2BB001DEED4 /* CategoryTableViewController_Realm.swift */,
				F29A2805206DD2DA001DEED4 /* TodoTableViewController_Realm.swift */,
				F29A2808206DD331001DEED4 /* RealmCategory.swift */,
				F29A280A206DD34E001DEED4 /* RealmItem.swift */,
			);
			path = Realm;
			sourceTree = "<group>";
		};
		F2CF646C206B658000BF1CF7 = {
			isa = PBXGroup;
			children = (
				F2CF6477206B658000BF1CF7 /* Todos */,
				F2CF6476206B658000BF1CF7 /* Products */,
				BC00F68D69F02B5B3063872F /* Pods */,
				3416948D8AC20F9B585AAE93 /* Frameworks */,
			);
			sourceTree = "<group>";
		};
		F2CF6476206B658000BF1CF7 /* Products */ = {
			isa = PBXGroup;
			children = (
				F2CF6475206B658000BF1CF7 /* Todos.app */,
			);
			name = Products;
			sourceTree = "<group>";
		};
		F2CF6477206B658000BF1CF7 /* Todos */ = {
			isa = PBXGroup;
			children = (
				F2CF6478206B658000BF1CF7 /* AppDelegate.swift */,
				F2CF647C206B658000BF1CF7 /* Main.storyboard */,
				F2CF647F206B658000BF1CF7 /* Assets.xcassets */,
				F2CF6481206B658000BF1CF7 /* LaunchScreen.storyboard */,
				F2CF6484206B658000BF1CF7 /* Info.plist */,
				F2CF6495206C817900BF1CF7 /* PropertyList */,
				F2CF6496206C81A400BF1CF7 /* CoreData */,
				F29A2807206DD2E1001DEED4 /* Realm */,
			);
			path = Todos;
			sourceTree = "<group>";
		};
		F2CF6495206C817900BF1CF7 /* PropertyList */ = {
			isa = PBXGroup;
			children = (
				F2CF648F206C7C2900BF1CF7 /* TodoTableViewController_PropertyList.swift */,
				F2CF648C206B69BB00BF1CF7 /* TodoItem.swift */,
			);
			path = PropertyList;
			sourceTree = "<group>";
		};
		F2CF6496206C81A400BF1CF7 /* CoreData */ = {
			isa = PBXGroup;
			children = (
				F2CF6492206C7DCF00BF1CF7 /* TodoDataModel.xcdatamodeld */,
				F2CF6499206CBBA500BF1CF7 /* CategoryTableViewController.swift */,
				F2CF648E206C7C2900BF1CF7 /* TodoTableViewController_CoreData.swift */,
				F2CF6497206C81F800BF1CF7 /* CDHelper.swift */,
			);
			path = CoreData;
			sourceTree = "<group>";
		};
/* End PBXGroup section */

/* Begin PBXNativeTarget section */
		F2CF6474206B658000BF1CF7 /* Todos */ = {
			isa = PBXNativeTarget;
			buildConfigurationList = F2CF6487206B658000BF1CF7 /* Build configuration list for PBXNativeTarget "Todos" */;
			buildPhases = (
				3F15139272A1B4E24B755915 /* [CP] Check Pods Manifest.lock */,
				F2CF6471206B658000BF1CF7 /* Sources */,
				F2CF6472206B658000BF1CF7 /* Frameworks */,
				F2CF6473206B658000BF1CF7 /* Resources */,
				9B52489D0E8F35317D818EE4 /* [CP] Embed Pods Frameworks */,
				F04E175A73BA6309DB674316 /* [CP] Copy Pods Resources */,
			);
			buildRules = (
			);
			dependencies = (
			);
			name = Todos;
			productName = Todos;
			productReference = F2CF6475206B658000BF1CF7 /* Todos.app */;
			productType = "com.apple.product-type.application";
		};
/* End PBXNativeTarget section */

/* Begin PBXProject section */
		F2CF646D206B658000BF1CF7 /* Project object */ = {
			isa = PBXProject;
			attributes = {
				LastSwiftUpdateCheck = 0920;
				LastUpgradeCheck = 0920;
				ORGANIZATIONNAME = "Chaofan Zhang";
				TargetAttributes = {
					F2CF6474206B658000BF1CF7 = {
						CreatedOnToolsVersion = 9.2;
						ProvisioningStyle = Automatic;
					};
				};
			};
			buildConfigurationList = F2CF6470206B658000BF1CF7 /* Build configuration list for PBXProject "Todos" */;
			compatibilityVersion = "Xcode 8.0";
			developmentRegion = en;
			hasScannedForEncodings = 0;
			knownRegions = (
				en,
				Base,
			);
			mainGroup = F2CF646C206B658000BF1CF7;
			productRefGroup = F2CF6476206B658000BF1CF7 /* Products */;
			projectDirPath = "";
			projectRoot = "";
			targets = (
				F2CF6474206B658000BF1CF7 /* Todos */,
			);
		};
/* End PBXProject section */

/* Begin PBXResourcesBuildPhase section */
		F2CF6473206B658000BF1CF7 /* Resources */ = {
			isa = PBXResourcesBuildPhase;
			buildActionMask = 2147483647;
			files = (
				F2CF6483206B658000BF1CF7 /* LaunchScreen.storyboard in Resources */,
				F2CF6480206B658000BF1CF7 /* Assets.xcassets in Resources */,
				F2CF647E206B658000BF1CF7 /* Main.storyboard in Resources */,
			);
			runOnlyForDeploymentPostprocessing = 0;
		};
/* End PBXResourcesBuildPhase section */

/* Begin PBXShellScriptBuildPhase section */
		3F15139272A1B4E24B755915 /* [CP] Check Pods Manifest.lock */ = {
			isa = PBXShellScriptBuildPhase;
			buildActionMask = 2147483647;
			files = (
			);
			inputPaths = (
				"${PODS_PODFILE_DIR_PATH}/Podfile.lock",
				"${PODS_ROOT}/Manifest.lock",
			);
			name = "[CP] Check Pods Manifest.lock";
			outputPaths = (
				"$(DERIVED_FILE_DIR)/Pods-Todos-checkManifestLockResult.txt",
			);
			runOnlyForDeploymentPostprocessing = 0;
			shellPath = /bin/sh;
			shellScript = "diff \"${PODS_PODFILE_DIR_PATH}/Podfile.lock\" \"${PODS_ROOT}/Manifest.lock\" > /dev/null\nif [ $? != 0 ] ; then\n    # print error to STDERR\n    echo \"error: The sandbox is not in sync with the Podfile.lock. Run 'pod install' or update your CocoaPods installation.\" >&2\n    exit 1\nfi\n# This output is used by Xcode 'outputs' to avoid re-running this script phase.\necho \"SUCCESS\" > \"${SCRIPT_OUTPUT_FILE_0}\"\n";
			showEnvVarsInLog = 0;
		};
		9B52489D0E8F35317D818EE4 /* [CP] Embed Pods Frameworks */ = {
			isa = PBXShellScriptBuildPhase;
			buildActionMask = 2147483647;
			files = (
			);
			inputPaths = (
				"${SRCROOT}/Pods/Target Support Files/Pods-Todos/Pods-Todos-frameworks.sh",
				"${BUILT_PRODUCTS_DIR}/Realm/Realm.framework",
				"${BUILT_PRODUCTS_DIR}/RealmSwift/RealmSwift.framework",
			);
			name = "[CP] Embed Pods Frameworks";
			outputPaths = (
				"${TARGET_BUILD_DIR}/${FRAMEWORKS_FOLDER_PATH}/Realm.framework",
				"${TARGET_BUILD_DIR}/${FRAMEWORKS_FOLDER_PATH}/RealmSwift.framework",
			);
			runOnlyForDeploymentPostprocessing = 0;
			shellPath = /bin/sh;
			shellScript = "\"${SRCROOT}/Pods/Target Support Files/Pods-Todos/Pods-Todos-frameworks.sh\"\n";
			showEnvVarsInLog = 0;
		};
		F04E175A73BA6309DB674316 /* [CP] Copy Pods Resources */ = {
			isa = PBXShellScriptBuildPhase;
			buildActionMask = 2147483647;
			files = (
			);
			inputPaths = (
			);
			name = "[CP] Copy Pods Resources";
			outputPaths = (
			);
			runOnlyForDeploymentPostprocessing = 0;
			shellPath = /bin/sh;
			shellScript = "\"${SRCROOT}/Pods/Target Support Files/Pods-Todos/Pods-Todos-resources.sh\"\n";
			showEnvVarsInLog = 0;
		};
/* End PBXShellScriptBuildPhase section */

/* Begin PBXSourcesBuildPhase section */
		F2CF6471206B658000BF1CF7 /* Sources */ = {
			isa = PBXSourcesBuildPhase;
			buildActionMask = 2147483647;
			files = (
				F2CF649A206CBBA500BF1CF7 /* CategoryTableViewController.swift in Sources */,
				F29A280B206DD34E001DEED4 /* RealmItem.swift in Sources */,
				F2CF6494206C7DCF00BF1CF7 /* TodoDataModel.xcdatamodeld in Sources */,
				F2CF648D206B69BB00BF1CF7 /* TodoItem.swift in Sources */,
				F2CF6498206C81F800BF1CF7 /* CDHelper.swift in Sources */,
				F2CF6491206C7C2900BF1CF7 /* TodoTableViewController_PropertyList.swift in Sources */,
				F29A2806206DD2DA001DEED4 /* TodoTableViewController_Realm.swift in Sources */,
				F29A2804206DD2BB001DEED4 /* CategoryTableViewController_Realm.swift in Sources */,
				F29A2809206DD331001DEED4 /* RealmCategory.swift in Sources */,
				F2CF6490206C7C2900BF1CF7 /* TodoTableViewController_CoreData.swift in Sources */,
				F2CF6479206B658000BF1CF7 /* AppDelegate.swift in Sources */,
			);
			runOnlyForDeploymentPostprocessing = 0;
		};
/* End PBXSourcesBuildPhase section */

/* Begin PBXVariantGroup section */
		F2CF647C206B658000BF1CF7 /* Main.storyboard */ = {
			isa = PBXVariantGroup;
			children = (
				F2CF647D206B658000BF1CF7 /* Base */,
			);
			name = Main.storyboard;
			sourceTree = "<group>";
		};
		F2CF6481206B658000BF1CF7 /* LaunchScreen.storyboard */ = {
			isa = PBXVariantGroup;
			children = (
				F2CF6482206B658000BF1CF7 /* Base */,
			);
			name = LaunchScreen.storyboard;
			sourceTree = "<group>";
		};
/* End PBXVariantGroup section */

/* Begin XCBuildConfiguration section */
		F2CF6485206B658000BF1CF7 /* Debug */ = {
			isa = XCBuildConfiguration;
			buildSettings = {
				ALWAYS_SEARCH_USER_PATHS = NO;
				CLANG_ANALYZER_NONNULL = YES;
				CLANG_ANALYZER_NUMBER_OBJECT_CONVERSION = YES_AGGRESSIVE;
				CLANG_CXX_LANGUAGE_STANDARD = "gnu++14";
				CLANG_CXX_LIBRARY = "libc++";
				CLANG_ENABLE_MODULES = YES;
				CLANG_ENABLE_OBJC_ARC = YES;
				CLANG_WARN_BLOCK_CAPTURE_AUTORELEASING = YES;
				CLANG_WARN_BOOL_CONVERSION = YES;
				CLANG_WARN_COMMA = YES;
				CLANG_WARN_CONSTANT_CONVERSION = YES;
				CLANG_WARN_DIRECT_OBJC_ISA_USAGE = YES_ERROR;
				CLANG_WARN_DOCUMENTATION_COMMENTS = YES;
				CLANG_WARN_EMPTY_BODY = YES;
				CLANG_WARN_ENUM_CONVERSION = YES;
				CLANG_WARN_INFINITE_RECURSION = YES;
				CLANG_WARN_INT_CONVERSION = YES;
				CLANG_WARN_NON_LITERAL_NULL_CONVERSION = YES;
				CLANG_WARN_OBJC_LITERAL_CONVERSION = YES;
				CLANG_WARN_OBJC_ROOT_CLASS = YES_ERROR;
				CLANG_WARN_RANGE_LOOP_ANALYSIS = YES;
				CLANG_WARN_STRICT_PROTOTYPES = YES;
				CLANG_WARN_SUSPICIOUS_MOVE = YES;
				CLANG_WARN_UNGUARDED_AVAILABILITY = YES_AGGRESSIVE;
				CLANG_WARN_UNREACHABLE_CODE = YES;
				CLANG_WARN__DUPLICATE_METHOD_MATCH = YES;
				CODE_SIGN_IDENTITY = "iPhone Developer";
				COPY_PHASE_STRIP = NO;
				DEBUG_INFORMATION_FORMAT = dwarf;
				ENABLE_STRICT_OBJC_MSGSEND = YES;
				ENABLE_TESTABILITY = YES;
				GCC_C_LANGUAGE_STANDARD = gnu11;
				GCC_DYNAMIC_NO_PIC = NO;
				GCC_NO_COMMON_BLOCKS = YES;
				GCC_OPTIMIZATION_LEVEL = 0;
				GCC_PREPROCESSOR_DEFINITIONS = (
					"DEBUG=1",
					"$(inherited)",
				);
				GCC_WARN_64_TO_32_BIT_CONVERSION = YES;
				GCC_WARN_ABOUT_RETURN_TYPE = YES_ERROR;
				GCC_WARN_UNDECLARED_SELECTOR = YES;
				GCC_WARN_UNINITIALIZED_AUTOS = YES_AGGRESSIVE;
				GCC_WARN_UNUSED_FUNCTION = YES;
				GCC_WARN_UNUSED_VARIABLE = YES;
				IPHONEOS_DEPLOYMENT_TARGET = 11.2;
				MTL_ENABLE_DEBUG_INFO = YES;
				ONLY_ACTIVE_ARCH = YES;
				SDKROOT = iphoneos;
				SWIFT_ACTIVE_COMPILATION_CONDITIONS = DEBUG;
				SWIFT_OPTIMIZATION_LEVEL = "-Onone";
			};
			name = Debug;
		};
		F2CF6486206B658000BF1CF7 /* Release */ = {
			isa = XCBuildConfiguration;
			buildSettings = {
				ALWAYS_SEARCH_USER_PATHS = NO;
				CLANG_ANALYZER_NONNULL = YES;
				CLANG_ANALYZER_NUMBER_OBJECT_CONVERSION = YES_AGGRESSIVE;
				CLANG_CXX_LANGUAGE_STANDARD = "gnu++14";
				CLANG_CXX_LIBRARY = "libc++";
				CLANG_ENABLE_MODULES = YES;
				CLANG_ENABLE_OBJC_ARC = YES;
				CLANG_WARN_BLOCK_CAPTURE_AUTORELEASING = YES;
				CLANG_WARN_BOOL_CONVERSION = YES;
				CLANG_WARN_COMMA = YES;
				CLANG_WARN_CONSTANT_CONVERSION = YES;
				CLANG_WARN_DIRECT_OBJC_ISA_USAGE = YES_ERROR;
				CLANG_WARN_DOCUMENTATION_COMMENTS = YES;
				CLANG_WARN_EMPTY_BODY = YES;
				CLANG_WARN_ENUM_CONVERSION = YES;
				CLANG_WARN_INFINITE_RECURSION = YES;
				CLANG_WARN_INT_CONVERSION = YES;
				CLANG_WARN_NON_LITERAL_NULL_CONVERSION = YES;
				CLANG_WARN_OBJC_LITERAL_CONVERSION = YES;
				CLANG_WARN_OBJC_ROOT_CLASS = YES_ERROR;
				CLANG_WARN_RANGE_LOOP_ANALYSIS = YES;
				CLANG_WARN_STRICT_PROTOTYPES = YES;
				CLANG_WARN_SUSPICIOUS_MOVE = YES;
				CLANG_WARN_UNGUARDED_AVAILABILITY = YES_AGGRESSIVE;
				CLANG_WARN_UNREACHABLE_CODE = YES;
				CLANG_WARN__DUPLICATE_METHOD_MATCH = YES;
				CODE_SIGN_IDENTITY = "iPhone Developer";
				COPY_PHASE_STRIP = NO;
				DEBUG_INFORMATION_FORMAT = "dwarf-with-dsym";
				ENABLE_NS_ASSERTIONS = NO;
				ENABLE_STRICT_OBJC_MSGSEND = YES;
				GCC_C_LANGUAGE_STANDARD = gnu11;
				GCC_NO_COMMON_BLOCKS = YES;
				GCC_WARN_64_TO_32_BIT_CONVERSION = YES;
				GCC_WARN_ABOUT_RETURN_TYPE = YES_ERROR;
				GCC_WARN_UNDECLARED_SELECTOR = YES;
				GCC_WARN_UNINITIALIZED_AUTOS = YES_AGGRESSIVE;
				GCC_WARN_UNUSED_FUNCTION = YES;
				GCC_WARN_UNUSED_VARIABLE = YES;
				IPHONEOS_DEPLOYMENT_TARGET = 11.2;
				MTL_ENABLE_DEBUG_INFO = NO;
				SDKROOT = iphoneos;
				SWIFT_OPTIMIZATION_LEVEL = "-Owholemodule";
				VALIDATE_PRODUCT = YES;
			};
			name = Release;
		};
		F2CF6488206B658000BF1CF7 /* Debug */ = {
			isa = XCBuildConfiguration;
			baseConfigurationReference = A92E16CEC917C61E933D4B2D /* Pods-Todos.debug.xcconfig */;
			buildSettings = {
				ASSETCATALOG_COMPILER_APPICON_NAME = AppIcon;
				CODE_SIGN_STYLE = Automatic;
				DEVELOPMENT_TEAM = 5N8C8V7M55;
				INFOPLIST_FILE = Todos/Info.plist;
				LD_RUNPATH_SEARCH_PATHS = "$(inherited) @executable_path/Frameworks";
				PRODUCT_BUNDLE_IDENTIFIER = com.zhangchf.Todos;
				PRODUCT_NAME = "$(TARGET_NAME)";
				SWIFT_VERSION = 4.0;
				TARGETED_DEVICE_FAMILY = "1,2";
			};
			name = Debug;
		};
		F2CF6489206B658000BF1CF7 /* Release */ = {
			isa = XCBuildConfiguration;
			baseConfigurationReference = 07DC0B41C330BE55F5263DC6 /* Pods-Todos.release.xcconfig */;
			buildSettings = {
				ASSETCATALOG_COMPILER_APPICON_NAME = AppIcon;
				CODE_SIGN_STYLE = Automatic;
				DEVELOPMENT_TEAM = 5N8C8V7M55;
				INFOPLIST_FILE = Todos/Info.plist;
				LD_RUNPATH_SEARCH_PATHS = "$(inherited) @executable_path/Frameworks";
				PRODUCT_BUNDLE_IDENTIFIER = com.zhangchf.Todos;
				PRODUCT_NAME = "$(TARGET_NAME)";
				SWIFT_VERSION = 4.0;
				TARGETED_DEVICE_FAMILY = "1,2";
			};
			name = Release;
		};
/* End XCBuildConfiguration section */

/* Begin XCConfigurationList section */
		F2CF6470206B658000BF1CF7 /* Build configuration list for PBXProject "Todos" */ = {
			isa = XCConfigurationList;
			buildConfigurations = (
				F2CF6485206B658000BF1CF7 /* Debug */,
				F2CF6486206B658000BF1CF7 /* Release */,
			);
			defaultConfigurationIsVisible = 0;
			defaultConfigurationName = Release;
		};
		F2CF6487206B658000BF1CF7 /* Build configuration list for PBXNativeTarget "Todos" */ = {
			isa = XCConfigurationList;
			buildConfigurations = (
				F2CF6488206B658000BF1CF7 /* Debug */,
				F2CF6489206B658000BF1CF7 /* Release */,
			);
			defaultConfigurationIsVisible = 0;
			defaultConfigurationName = Release;
		};
/* End XCConfigurationList section */

/* Begin XCVersionGroup section */
		F2CF6492206C7DCF00BF1CF7 /* TodoDataModel.xcdatamodeld */ = {
			isa = XCVersionGroup;
			children = (
				F2CF6493206C7DCF00BF1CF7 /* TodoDataModel.xcdatamodel */,
			);
			currentVersion = F2CF6493206C7DCF00BF1CF7 /* TodoDataModel.xcdatamodel */;
			path = TodoDataModel.xcdatamodeld;
			sourceTree = "<group>";
			versionGroupType = wrapper.xcdatamodel;
		};
/* End XCVersionGroup section */
	};
	rootObject = F2CF646D206B658000BF1CF7 /* Project object */;
}
